
Microsoft Visual Studio Solution File, Format Version 12.00
# Visual Studio 15
VisualStudioVersion = 15.0.28307.1000
MinimumVisualStudioVersion = 10.0.40219.1
Project("{FAE04EC0-301F-11D3-BF4B-00C04F79EFBC}") = "Assembly-CSharp", "Assembly-CSharp.csproj", "{E4E40921-FA9E-3783-D9E3-C94928BB7FAD}"
EndProject
Project("{FAE04EC0-301F-11D3-BF4B-00C04F79EFBC}") = "Tcp服务器端", "..\Server\Tcp服务器端\Tcp服务器端.csproj", "{65CC5700-1D70-4697-9E88-8B34029D9CE8}"
EndProject
Global
	GlobalSection(SolutionConfigurationPlatforms) = preSolution
		Debug|Any CPU = Debug|Any CPU
		Release|Any CPU = Release|Any CPU
	EndGlobalSection
	GlobalSection(ProjectConfigurationPlatforms) = postSolution
		{E4E40921-FA9E-3783-D9E3-C94928BB7FAD}.Debug|Any CPU.ActiveCfg = Debug|Any CPU
		{E4E40921-FA9E-3783-D9E3-C94928BB7FAD}.Debug|Any CPU.Build.0 = Debug|Any CPU
		{E4E40921-FA9E-3783-D9E3-C94928BB7FAD}.Release|Any CPU.ActiveCfg = Release|Any CPU
		{E4E40921-FA9E-3783-D9E3-C94928BB7FAD}.Release|Any CPU.Build.0 = Release|Any CPU
		{65CC5700-1D70-4697-9E88-8B34029D9CE8}.Debug|Any CPU.ActiveCfg = Debug|Any CPU
		{65CC5700-1D70-4697-9E88-8B34029D9CE8}.Debug|Any CPU.Build.0 = Debug|Any CPU
		{65CC5700-1D70-4697-9E88-8B34029D9CE8}.Release|Any CPU.ActiveCfg = Release|Any CPU
		{65CC5700-1D70-4697-9E88-8B34029D9CE8}.Release|Any CPU.Build.0 = Release|Any CPU
	EndGlobalSection
	GlobalSection(SolutionProperties) = preSolution
		HideSolutionNode = FALSE
	EndGlobalSection
	GlobalSection(ExtensibilityGlobals) = postSolution
		SolutionGuid = {C5418B2A-1DE5-4F5E-9A48-20009C53A19E}
	EndGlobalSection
EndGlobal
